
Microsoft Visual Studio Solution File, Format Version 12.00
# Visual Studio Version 16
VisualStudioVersion = 16.0.30804.86
MinimumVisualStudioVersion = 10.0.40219.1
Project("{FAE04EC0-301F-11D3-BF4B-00C04F79EFBC}") = "kutuphane", "kutuphane\kutuphane.csproj", "{EC709CDA-FEDD-466E-A4B1-93CA98532569}"
EndProject
Project("{54435603-DBB4-11D2-8724-00A0C9A8B90C}") = "Setup34", "Setup34\Setup34.vdproj", "{4033E3B8-4946-4FA0-9309-90AFC8D73C7A}"
EndProject
Project("{ACA99D24-2A4B-4C16-9E92-13D6ABC4AC35}") = "Setup1", "Setup1\Setup1.isproj", "{8A6ED248-848E-4950-ADC3-1DAAB27B0731}"
	ProjectSection(ProjectDependencies) = postProject
		{EC709CDA-FEDD-466E-A4B1-93CA98532569} = {EC709CDA-FEDD-466E-A4B1-93CA98532569}
	EndProjectSection
EndProject
Global
	GlobalSection(SolutionConfigurationPlatforms) = preSolution
		CD_ROM|Any CPU = CD_ROM|Any CPU
		Custom|Any CPU = Custom|Any CPU
		Debug|Any CPU = Debug|Any CPU
		DVD-10|Any CPU = DVD-10|Any CPU
		DVD-18|Any CPU = DVD-18|Any CPU
		DVD-5|Any CPU = DVD-5|Any CPU
		DVD-9|Any CPU = DVD-9|Any CPU
		Release|Any CPU = Release|Any CPU
		SingleImage|Any CPU = SingleImage|Any CPU
		WebDeployment|Any CPU = WebDeployment|Any CPU
	EndGlobalSection
	GlobalSection(ProjectConfigurationPlatforms) = postSolution
		{EC709CDA-FEDD-466E-A4B1-93CA98532569}.CD_ROM|Any CPU.ActiveCfg = Release|Any CPU
		{EC709CDA-FEDD-466E-A4B1-93CA98532569}.CD_ROM|Any CPU.Build.0 = Release|Any CPU
		{EC709CDA-FEDD-466E-A4B1-93CA98532569}.Custom|Any CPU.ActiveCfg = Release|Any CPU
		{EC709CDA-FEDD-466E-A4B1-93CA98532569}.Custom|Any CPU.Build.0 = Release|Any CPU
		{EC709CDA-FEDD-466E-A4B1-93CA98532569}.Debug|Any CPU.ActiveCfg = Debug|Any CPU
		{EC709CDA-FEDD-466E-A4B1-93CA98532569}.Debug|Any CPU.Build.0 = Debug|Any CPU
		{EC709CDA-FEDD-466E-A4B1-93CA98532569}.DVD-10|Any CPU.ActiveCfg = Debug|Any CPU
		{EC709CDA-FEDD-466E-A4B1-93CA98532569}.DVD-10|Any CPU.Build.0 = Debug|Any CPU
		{EC709CDA-FEDD-466E-A4B1-93CA98532569}.DVD-18|Any CPU.ActiveCfg = Debug|Any CPU
		{EC709CDA-FEDD-466E-A4B1-93CA98532569}.DVD-18|Any CPU.Build.0 = Debug|Any CPU
		{EC709CDA-FEDD-466E-A4B1-93CA98532569}.DVD-5|Any CPU.ActiveCfg = Debug|Any CPU
		{EC709CDA-FEDD-466E-A4B1-93CA98532569}.DVD-5|Any CPU.Build.0 = Debug|Any CPU
		{EC709CDA-FEDD-466E-A4B1-93CA98532569}.DVD-9|Any CPU.ActiveCfg = Debug|Any CPU
		{EC709CDA-FEDD-466E-A4B1-93CA98532569}.DVD-9|Any CPU.Build.0 = Debug|Any CPU
		{EC709CDA-FEDD-466E-A4B1-93CA98532569}.Release|Any CPU.ActiveCfg = Release|Any CPU
		{EC709CDA-FEDD-466E-A4B1-93CA98532569}.Release|Any CPU.Build.0 = Release|Any CPU
		{EC709CDA-FEDD-466E-A4B1-93CA98532569}.SingleImage|Any CPU.ActiveCfg = Release|Any CPU
		{EC709CDA-FEDD-466E-A4B1-93CA98532569}.SingleImage|Any CPU.Build.0 = Release|Any CPU
		{EC709CDA-FEDD-466E-A4B1-93CA98532569}.WebDeployment|Any CPU.ActiveCfg = Release|Any CPU
		{EC709CDA-FEDD-466E-A4B1-93CA98532569}.WebDeployment|Any CPU.Build.0 = Release|Any CPU
		{4033E3B8-4946-4FA0-9309-90AFC8D73C7A}.CD_ROM|Any CPU.ActiveCfg = Debug
		{4033E3B8-4946-4FA0-9309-90AFC8D73C7A}.Custom|Any CPU.ActiveCfg = Debug
		{4033E3B8-4946-4FA0-9309-90AFC8D73C7A}.Debug|Any CPU.ActiveCfg = Debug
		{4033E3B8-4946-4FA0-9309-90AFC8D73C7A}.DVD-10|Any CPU.ActiveCfg = Debug
		{4033E3B8-4946-4FA0-9309-90AFC8D73C7A}.DVD-18|Any CPU.ActiveCfg = Debug
		{4033E3B8-4946-4FA0-9309-90AFC8D73C7A}.DVD-5|Any CPU.ActiveCfg = Debug
		{4033E3B8-4946-4FA0-9309-90AFC8D73C7A}.DVD-9|Any CPU.ActiveCfg = Debug
		{4033E3B8-4946-4FA0-9309-90AFC8D73C7A}.Release|Any CPU.ActiveCfg = Release
		{4033E3B8-4946-4FA0-9309-90AFC8D73C7A}.SingleImage|Any CPU.ActiveCfg = Debug
		{4033E3B8-4946-4FA0-9309-90AFC8D73C7A}.WebDeployment|Any CPU.ActiveCfg = Debug
		{8A6ED248-848E-4950-ADC3-1DAAB27B0731}.CD_ROM|Any CPU.ActiveCfg = CD_ROM
		{8A6ED248-848E-4950-ADC3-1DAAB27B0731}.CD_ROM|Any CPU.Build.0 = CD_ROM
		{8A6ED248-848E-4950-ADC3-1DAAB27B0731}.Custom|Any CPU.ActiveCfg = Custom
		{8A6ED248-848E-4950-ADC3-1DAAB27B0731}.Custom|Any CPU.Build.0 = Custom
		{8A6ED248-848E-4950-ADC3-1DAAB27B0731}.Debug|Any CPU.ActiveCfg = SingleImage
		{8A6ED248-848E-4950-ADC3-1DAAB27B0731}.Debug|Any CPU.Build.0 = SingleImage
		{8A6ED248-848E-4950-ADC3-1DAAB27B0731}.DVD-10|Any CPU.ActiveCfg = DVD-10
		{8A6ED248-848E-4950-ADC3-1DAAB27B0731}.DVD-10|Any CPU.Build.0 = DVD-10
		{8A6ED248-848E-4950-ADC3-1DAAB27B0731}.DVD-18|Any CPU.ActiveCfg = DVD-18
		{8A6ED248-848E-4950-ADC3-1DAAB27B0731}.DVD-18|Any CPU.Build.0 = DVD-18
		{8A6ED248-848E-4950-ADC3-1DAAB27B0731}.DVD-5|Any CPU.ActiveCfg = DVD-5
		{8A6ED248-848E-4950-ADC3-1DAAB27B0731}.DVD-5|Any CPU.Build.0 = DVD-5
		{8A6ED248-848E-4950-ADC3-1DAAB27B0731}.DVD-9|Any CPU.ActiveCfg = DVD-9
		{8A6ED248-848E-4950-ADC3-1DAAB27B0731}.DVD-9|Any CPU.Build.0 = DVD-9
		{8A6ED248-848E-4950-ADC3-1DAAB27B0731}.Release|Any CPU.ActiveCfg = Custom
		{8A6ED248-848E-4950-ADC3-1DAAB27B0731}.Release|Any CPU.Build.0 = Custom
		{8A6ED248-848E-4950-ADC3-1DAAB27B0731}.SingleImage|Any CPU.ActiveCfg = SingleImage
		{8A6ED248-848E-4950-ADC3-1DAAB27B0731}.SingleImage|Any CPU.Build.0 = SingleImage
		{8A6ED248-848E-4950-ADC3-1DAAB27B0731}.WebDeployment|Any CPU.ActiveCfg = WebDeployment
		{8A6ED248-848E-4950-ADC3-1DAAB27B0731}.WebDeployment|Any CPU.Build.0 = WebDeployment
	EndGlobalSection
	GlobalSection(SolutionProperties) = preSolution
		HideSolutionNode = FALSE
	EndGlobalSection
	GlobalSection(ExtensibilityGlobals) = postSolution
		SolutionGuid = {70FCC573-3119-4EAA-8B7E-3DF15EC4A9C3}
	EndGlobalSection
EndGlobal
